<Solution>
  <Folder Name="/src/">
    <Project Path="src/DCS.AIAutomator/DCS.AIAutomator.csproj" Id="de5e87cf-cde3-4cba-ac0b-590d716efdb1">
      <Platform Project="x64" />
      <Deploy />
    </Project>
    <Project Path="src/DcsMcpBridge/DcsMcpBridge.csproj" />
  </Folder>
  <Folder Name="/test/">
    <Project Path="test/DcsMcpBridge.IntegrationTests/DcsMcpBridge.IntegrationTests.csproj" />
    <Project Path="test/DcsMcpBridge.UnitTests/DcsMcpBridge.UnitTests.csproj" />
  </Folder>
</Solution>
